
Microsoft Visual Studio Solution File, Format Version 12.00
# Visual Studio Version 17
VisualStudioVersion = 17.11.35219.272
MinimumVisualStudioVersion = 10.0.40219.1
Project("{9A19103F-16F7-4668-BE54-9A1E7A4F7556}") = "Company.pro.PL", "Company.pro.PL\Company.pro.PL.csproj", "{542ACCD4-2780-4242-B18C-0BD87AB5B4A9}"
EndProject
Project("{9A19103F-16F7-4668-BE54-9A1E7A4F7556}") = "Company.pro.DAL", "Company.pro.DAL\Company.pro.DAL.csproj", "{2C437B6D-4598-409F-837E-0BDD728AFDE9}"
EndProject
Project("{9A19103F-16F7-4668-BE54-9A1E7A4F7556}") = "Company.pro.BLL", "Company.pro.BLL\Company.pro.BLL.csproj", "{23BE0A02-20FE-40A1-9EFA-C6B9BD938DD5}"
EndProject
Global
	GlobalSection(SolutionConfigurationPlatforms) = preSolution
		Debug|Any CPU = Debug|Any CPU
		Release|Any CPU = Release|Any CPU
	EndGlobalSection
	GlobalSection(ProjectConfigurationPlatforms) = postSolution
		{542ACCD4-2780-4242-B18C-0BD87AB5B4A9}.Debug|Any CPU.ActiveCfg = Debug|Any CPU
		{542ACCD4-2780-4242-B18C-0BD87AB5B4A9}.Debug|Any CPU.Build.0 = Debug|Any CPU
		{542ACCD4-2780-4242-B18C-0BD87AB5B4A9}.Release|Any CPU.ActiveCfg = Release|Any CPU
		{542ACCD4-2780-4242-B18C-0BD87AB5B4A9}.Release|Any CPU.Build.0 = Release|Any CPU
		{2C437B6D-4598-409F-837E-0BDD728AFDE9}.Debug|Any CPU.ActiveCfg = Debug|Any CPU
		{2C437B6D-4598-409F-837E-0BDD728AFDE9}.Debug|Any CPU.Build.0 = Debug|Any CPU
		{2C437B6D-4598-409F-837E-0BDD728AFDE9}.Release|Any CPU.ActiveCfg = Release|Any CPU
		{2C437B6D-4598-409F-837E-0BDD728AFDE9}.Release|Any CPU.Build.0 = Release|Any CPU
		{23BE0A02-20FE-40A1-9EFA-C6B9BD938DD5}.Debug|Any CPU.ActiveCfg = Debug|Any CPU
		{23BE0A02-20FE-40A1-9EFA-C6B9BD938DD5}.Debug|Any CPU.Build.0 = Debug|Any CPU
		{23BE0A02-20FE-40A1-9EFA-C6B9BD938DD5}.Release|Any CPU.ActiveCfg = Release|Any CPU
		{23BE0A02-20FE-40A1-9EFA-C6B9BD938DD5}.Release|Any CPU.Build.0 = Release|Any CPU
	EndGlobalSection
	GlobalSection(SolutionProperties) = preSolution
		HideSolutionNode = FALSE
	EndGlobalSection
	GlobalSection(ExtensibilityGlobals) = postSolution
		SolutionGuid = {5F9F925D-AC77-4027-8E99-974BB2330243}
	EndGlobalSection
EndGlobal
